
Microsoft Visual Studio Solution File, Format Version 12.00
# Visual Studio 2013
VisualStudioVersion = 12.0.31101.0
MinimumVisualStudioVersion = 10.0.40219.1
Project("{FAE04EC0-301F-11D3-BF4B-00C04F79EFBC}") = "arduino_bootloader", "arduino_bootloader\arduino_bootloader.csproj", "{363D4508-8995-40E0-8C02-8198BDD6EDCD}"
EndProject
Project("{54435603-DBB4-11D2-8724-00A0C9A8B90C}") = "Setup", "Setup\Setup.vdproj", "{61B15418-2D0B-4DD5-A35A-CDFD562AD363}"
EndProject
Global
	GlobalSection(SolutionConfigurationPlatforms) = preSolution
		Debug|Any CPU = Debug|Any CPU
		Debug|x86 = Debug|x86
		Release|Any CPU = Release|Any CPU
		Release|x86 = Release|x86
	EndGlobalSection
	GlobalSection(ProjectConfigurationPlatforms) = postSolution
		{363D4508-8995-40E0-8C02-8198BDD6EDCD}.Debug|Any CPU.ActiveCfg = Debug|Any CPU
		{363D4508-8995-40E0-8C02-8198BDD6EDCD}.Debug|Any CPU.Build.0 = Debug|Any CPU
		{363D4508-8995-40E0-8C02-8198BDD6EDCD}.Debug|x86.ActiveCfg = Debug|x86
		{363D4508-8995-40E0-8C02-8198BDD6EDCD}.Debug|x86.Build.0 = Debug|x86
		{363D4508-8995-40E0-8C02-8198BDD6EDCD}.Release|Any CPU.ActiveCfg = Release|Any CPU
		{363D4508-8995-40E0-8C02-8198BDD6EDCD}.Release|Any CPU.Build.0 = Release|Any CPU
		{363D4508-8995-40E0-8C02-8198BDD6EDCD}.Release|x86.ActiveCfg = Release|x86
		{363D4508-8995-40E0-8C02-8198BDD6EDCD}.Release|x86.Build.0 = Release|x86
		{61B15418-2D0B-4DD5-A35A-CDFD562AD363}.Debug|Any CPU.ActiveCfg = Debug
		{61B15418-2D0B-4DD5-A35A-CDFD562AD363}.Debug|x86.ActiveCfg = Debug
		{61B15418-2D0B-4DD5-A35A-CDFD562AD363}.Release|Any CPU.ActiveCfg = Release
		{61B15418-2D0B-4DD5-A35A-CDFD562AD363}.Release|x86.ActiveCfg = Release
	EndGlobalSection
	GlobalSection(SolutionProperties) = preSolution
		HideSolutionNode = FALSE
	EndGlobalSection
EndGlobal
